<?xml version="1.0" encoding="UTF-8" standalone="yes" ?>
<CodeBlocks_project_file>
	<FileVersion major="1" minor="6" />
	<Project>
		<Option title="HW03" />
		<Option pch_mode="2" />
		<Option compiler="gcc" />
		<Build>
			<Target title="Release">
				<Option output="bin/Release/HW03" prefix_auto="1" extension_auto="1" />
				<Option object_output="obj/Release/" />
				<Option type="1" />
				<Option compiler="gcc" />
				<Compiler>
					<Add option="-O2" />
				</Compiler>
			</Target>
		</Build>
		<Compiler>
			<Add option="-Wall" />
		</Compiler>
		<Unit filename="BasicPlayerBullet.cpp" />
		<Unit filename="BasicPlayerBullet.h" />
		<Unit filename="BulletStage.cpp" />
		<Unit filename="BulletStage.h" />
		<Unit filename="Entity.h" />
		<Unit filename="GameState.cpp" />
		<Unit filename="MainLoop.cpp" />
		<Unit filename="MoveBehavior.h" />
		<Unit filename="Player.cpp" />
		<Unit filename="Player.h" />
		<Unit filename="PlayerBullet.h" />
		<Unit filename="PlayerMove.cpp" />
		<Unit filename="PlayerMove.h" />
		<Unit filename="PlayerShoot.cpp" />
		<Unit filename="PlayerShoot.h" />
		<Unit filename="ShootBehavior.h" />
		<Unit filename="SplashState.cpp" />
		<Unit filename="State.cpp" />
		<Unit filename="State.h" />
		<Unit filename="StateManager.cpp" />
		<Unit filename="StateManager.h" />
		<Unit filename="StateSubclass.h" />
		<Unit filename="StraightMovement.cpp" />
		<Unit filename="StraightMovement.h" />
		<Unit filename="Vector2Plus.cpp" />
		<Unit filename="Vector2Plus.h" />
		<Extensions>
			<code_completion />
			<envvars />
			<debugger />
			<lib_finder disable_auto="1" />
		</Extensions>
	</Project>
</CodeBlocks_project_file>
